
Microsoft Visual Studio Solution File, Format Version 12.00
# Visual Studio 15
VisualStudioVersion = 15.0.28307.329
MinimumVisualStudioVersion = 10.0.40219.1
Project("{FAE04EC0-301F-11D3-BF4B-00C04F79EFBC}") = "Test", "Test\Test.csproj", "{FE457FEF-7649-4103-B60B-F0B7FC4B0F48}"
EndProject
Project("{FAE04EC0-301F-11D3-BF4B-00C04F79EFBC}") = "Selenium", "ClassLibrary1\Selenium.csproj", "{2F71DD37-1D0B-4138-9E6E-DA4E9F110D0D}"
EndProject
Global
	GlobalSection(SolutionConfigurationPlatforms) = preSolution
		Debug|Any CPU = Debug|Any CPU
		Release|Any CPU = Release|Any CPU
	EndGlobalSection
	GlobalSection(ProjectConfigurationPlatforms) = postSolution
		{FE457FEF-7649-4103-B60B-F0B7FC4B0F48}.Debug|Any CPU.ActiveCfg = Debug|Any CPU
		{FE457FEF-7649-4103-B60B-F0B7FC4B0F48}.Debug|Any CPU.Build.0 = Debug|Any CPU
		{FE457FEF-7649-4103-B60B-F0B7FC4B0F48}.Release|Any CPU.ActiveCfg = Release|Any CPU
		{FE457FEF-7649-4103-B60B-F0B7FC4B0F48}.Release|Any CPU.Build.0 = Release|Any CPU
		{2F71DD37-1D0B-4138-9E6E-DA4E9F110D0D}.Debug|Any CPU.ActiveCfg = Debug|Any CPU
		{2F71DD37-1D0B-4138-9E6E-DA4E9F110D0D}.Debug|Any CPU.Build.0 = Debug|Any CPU
		{2F71DD37-1D0B-4138-9E6E-DA4E9F110D0D}.Release|Any CPU.ActiveCfg = Release|Any CPU
		{2F71DD37-1D0B-4138-9E6E-DA4E9F110D0D}.Release|Any CPU.Build.0 = Release|Any CPU
	EndGlobalSection
	GlobalSection(SolutionProperties) = preSolution
		HideSolutionNode = FALSE
	EndGlobalSection
	GlobalSection(ExtensibilityGlobals) = postSolution
		SolutionGuid = {65CAD0AB-686F-4932-B158-32E5E5BAC196}
	EndGlobalSection
EndGlobal
