
Microsoft Visual Studio Solution File, Format Version 12.00
# Visual Studio 15
VisualStudioVersion = 15.0.28307.329
MinimumVisualStudioVersion = 10.0.40219.1
Project("{FAE04EC0-301F-11D3-BF4B-00C04F79EFBC}") = "TestMovieAPI", "TestMovieAPI\TestMovieAPI.csproj", "{C9AA424A-73E8-4335-9165-62B62D08B4ED}"
EndProject
Project("{FAE04EC0-301F-11D3-BF4B-00C04F79EFBC}") = "Logic", "Logic\Logic.csproj", "{91620653-ACCB-4AF1-85FC-66F26FF50FB2}"
EndProject
Project("{FAE04EC0-301F-11D3-BF4B-00C04F79EFBC}") = "Data", "Data\Data.csproj", "{BD584DF3-995F-4685-BB2A-2ADA463A1BF1}"
EndProject
Global
	GlobalSection(SolutionConfigurationPlatforms) = preSolution
		Debug|Any CPU = Debug|Any CPU
		Release|Any CPU = Release|Any CPU
	EndGlobalSection
	GlobalSection(ProjectConfigurationPlatforms) = postSolution
		{C9AA424A-73E8-4335-9165-62B62D08B4ED}.Debug|Any CPU.ActiveCfg = Debug|Any CPU
		{C9AA424A-73E8-4335-9165-62B62D08B4ED}.Debug|Any CPU.Build.0 = Debug|Any CPU
		{C9AA424A-73E8-4335-9165-62B62D08B4ED}.Release|Any CPU.ActiveCfg = Release|Any CPU
		{C9AA424A-73E8-4335-9165-62B62D08B4ED}.Release|Any CPU.Build.0 = Release|Any CPU
		{91620653-ACCB-4AF1-85FC-66F26FF50FB2}.Debug|Any CPU.ActiveCfg = Debug|Any CPU
		{91620653-ACCB-4AF1-85FC-66F26FF50FB2}.Debug|Any CPU.Build.0 = Debug|Any CPU
		{91620653-ACCB-4AF1-85FC-66F26FF50FB2}.Release|Any CPU.ActiveCfg = Release|Any CPU
		{91620653-ACCB-4AF1-85FC-66F26FF50FB2}.Release|Any CPU.Build.0 = Release|Any CPU
		{BD584DF3-995F-4685-BB2A-2ADA463A1BF1}.Debug|Any CPU.ActiveCfg = Debug|Any CPU
		{BD584DF3-995F-4685-BB2A-2ADA463A1BF1}.Debug|Any CPU.Build.0 = Debug|Any CPU
		{BD584DF3-995F-4685-BB2A-2ADA463A1BF1}.Release|Any CPU.ActiveCfg = Release|Any CPU
		{BD584DF3-995F-4685-BB2A-2ADA463A1BF1}.Release|Any CPU.Build.0 = Release|Any CPU
	EndGlobalSection
	GlobalSection(SolutionProperties) = preSolution
		HideSolutionNode = FALSE
	EndGlobalSection
	GlobalSection(ExtensibilityGlobals) = postSolution
		SolutionGuid = {6FFCD4F0-F6EA-4451-8D94-FAD38F369742}
	EndGlobalSection
EndGlobal
